{
    "version": 3,
    "terraform_version": "0.11.7",
    "serial": 3,
    "lineage": "dc81053c-65a0-4fdb-4659-67e476fb9132",
    "modules": [
        {
            "path": [
                "root"
            ],
            "outputs": {
                "dev_url": {
                    "sensitive": false,
                    "type": "string",
                    "value": "https://gjhthphf6e.execute-api.us-east-1.amazonaws.com/dev"
                },
                "prod_url": {
                    "sensitive": false,
                    "type": "string",
                    "value": "https://gjhthphf6e.execute-api.us-east-1.amazonaws.com/api"
                }
            },
            "resources": {
                "aws_api_gateway_deployment.example_deployment_dev": {
                    "type": "aws_api_gateway_deployment",
                    "depends_on": [
                        "aws_api_gateway_integration.example_api_method-integration",
                        "aws_api_gateway_method.example_api_method",
                        "aws_api_gateway_rest_api.example_api"
                    ],
                    "primary": {
                        "id": "r3qfvs",
                        "attributes": {
                            "created_date": "2018-06-08T14:40:32Z",
                            "description": "",
                            "execution_arn": "arn:aws:execute-api:us-east-1:984581749651:gjhthphf6e/dev",
                            "id": "r3qfvs",
                            "invoke_url": "https://gjhthphf6e.execute-api.us-east-1.amazonaws.com/dev",
                            "rest_api_id": "gjhthphf6e",
                            "stage_name": "dev"
                        },
                        "meta": {},
                        "tainted": false
                    },
                    "deposed": [],
                    "provider": "provider.aws"
                },
                "aws_api_gateway_deployment.example_deployment_prod": {
                    "type": "aws_api_gateway_deployment",
                    "depends_on": [
                        "aws_api_gateway_integration.example_api_method-integration",
                        "aws_api_gateway_method.example_api_method",
                        "aws_api_gateway_rest_api.example_api"
                    ],
                    "primary": {
                        "id": "r0u6pp",
                        "attributes": {
                            "created_date": "2018-06-08T14:40:34Z",
                            "description": "",
                            "execution_arn": "arn:aws:execute-api:us-east-1:984581749651:gjhthphf6e/api",
                            "id": "r0u6pp",
                            "invoke_url": "https://gjhthphf6e.execute-api.us-east-1.amazonaws.com/api",
                            "rest_api_id": "gjhthphf6e",
                            "stage_name": "api"
                        },
                        "meta": {},
                        "tainted": false
                    },
                    "deposed": [],
                    "provider": "provider.aws"
                },
                "aws_api_gateway_integration.example_api_method-integration": {
                    "type": "aws_api_gateway_integration",
                    "depends_on": [
                        "aws_api_gateway_method.example_api_method",
                        "aws_api_gateway_resource.example_api_resource",
                        "aws_api_gateway_rest_api.example_api",
                        "aws_lambda_function.example_test_function"
                    ],
                    "primary": {
                        "id": "agi-gjhthphf6e-rwc0oa-GET",
                        "attributes": {
                            "cache_key_parameters.#": "0",
                            "cache_namespace": "rwc0oa",
                            "connection_id": "",
                            "connection_type": "INTERNET",
                            "http_method": "GET",
                            "id": "agi-gjhthphf6e-rwc0oa-GET",
                            "integration_http_method": "GET",
                            "passthrough_behavior": "WHEN_NO_MATCH",
                            "request_parameters.%": "0",
                            "request_templates.%": "0",
                            "resource_id": "rwc0oa",
                            "rest_api_id": "gjhthphf6e",
                            "type": "AWS_PROXY",
                            "uri": "arn:aws:apigateway:us-east-1:lambda:path/2015-03-31/functions/arn:aws:lambda:us-east-1:984581749651:function:ifndef_lambda/invocations"
                        },
                        "meta": {},
                        "tainted": false
                    },
                    "deposed": [],
                    "provider": "provider.aws"
                },
                "aws_api_gateway_method.example_api_method": {
                    "type": "aws_api_gateway_method",
                    "depends_on": [
                        "aws_api_gateway_resource.example_api_resource",
                        "aws_api_gateway_rest_api.example_api"
                    ],
                    "primary": {
                        "id": "agm-gjhthphf6e-rwc0oa-GET",
                        "attributes": {
                            "api_key_required": "false",
                            "authorization": "NONE",
                            "authorization_scopes.#": "0",
                            "authorizer_id": "",
                            "http_method": "GET",
                            "id": "agm-gjhthphf6e-rwc0oa-GET",
                            "request_models.%": "0",
                            "request_parameters.%": "0",
                            "request_validator_id": "",
                            "resource_id": "rwc0oa",
                            "rest_api_id": "gjhthphf6e"
                        },
                        "meta": {},
                        "tainted": false
                    },
                    "deposed": [],
                    "provider": "provider.aws"
                },
                "aws_api_gateway_resource.example_api_resource": {
                    "type": "aws_api_gateway_resource",
                    "depends_on": [
                        "aws_api_gateway_rest_api.example_api"
                    ],
                    "primary": {
                        "id": "rwc0oa",
                        "attributes": {
                            "id": "rwc0oa",
                            "parent_id": "bphinxondc",
                            "path": "/messages",
                            "path_part": "messages",
                            "rest_api_id": "gjhthphf6e"
                        },
                        "meta": {},
                        "tainted": false
                    },
                    "deposed": [],
                    "provider": "provider.aws"
                },
                "aws_api_gateway_rest_api.example_api": {
                    "type": "aws_api_gateway_rest_api",
                    "depends_on": [],
                    "primary": {
                        "id": "gjhthphf6e",
                        "attributes": {
                            "api_key_source": "HEADER",
                            "binary_media_types.#": "0",
                            "created_date": "2018-06-08T14:37:58Z",
                            "description": "Gateway for ifndef website",
                            "endpoint_configuration.#": "1",
                            "endpoint_configuration.0.types.#": "1",
                            "endpoint_configuration.0.types.0": "EDGE",
                            "execution_arn": "arn:aws:execute-api:us-east-1:984581749651:gjhthphf6e",
                            "id": "gjhthphf6e",
                            "minimum_compression_size": "-1",
                            "name": "ifndef_gateway",
                            "policy": "",
                            "root_resource_id": "bphinxondc"
                        },
                        "meta": {},
                        "tainted": false
                    },
                    "deposed": [],
                    "provider": "provider.aws"
                },
                "aws_iam_role.example_api_role": {
                    "type": "aws_iam_role",
                    "depends_on": [],
                    "primary": {
                        "id": "example_api_role",
                        "attributes": {
                            "arn": "arn:aws:iam::984581749651:role/example_api_role",
                            "assume_role_policy": "{\"Version\":\"2012-10-17\",\"Statement\":[{\"Sid\":\"\",\"Effect\":\"Allow\",\"Principal\":{\"Service\":[\"lambda.amazonaws.com\",\"apigateway.amazonaws.com\"]},\"Action\":\"sts:AssumeRole\"}]}",
                            "create_date": "2018-06-08T14:37:57Z",
                            "force_detach_policies": "false",
                            "id": "example_api_role",
                            "max_session_duration": "3600",
                            "name": "example_api_role",
                            "path": "/",
                            "unique_id": "AROAJT54P5AXJ626MCPXY"
                        },
                        "meta": {},
                        "tainted": false
                    },
                    "deposed": [],
                    "provider": "provider.aws"
                },
                "aws_lambda_function.example_test_function": {
                    "type": "aws_lambda_function",
                    "depends_on": [
                        "aws_iam_role.example_api_role"
                    ],
                    "primary": {
                        "id": "ifndef_lambda",
                        "attributes": {
                            "arn": "arn:aws:lambda:us-east-1:984581749651:function:ifndef_lambda",
                            "dead_letter_config.#": "0",
                            "description": "",
                            "environment.#": "0",
                            "filename": "function.zip",
                            "function_name": "ifndef_lambda",
                            "handler": "main",
                            "id": "ifndef_lambda",
                            "invoke_arn": "arn:aws:apigateway:us-east-1:lambda:path/2015-03-31/functions/arn:aws:lambda:us-east-1:984581749651:function:ifndef_lambda/invocations",
                            "kms_key_arn": "",
                            "last_modified": "2018-06-08T14:50:33.404+0000",
                            "memory_size": "128",
                            "publish": "false",
                            "qualified_arn": "arn:aws:lambda:us-east-1:984581749651:function:ifndef_lambda:$LATEST",
                            "reserved_concurrent_executions": "0",
                            "role": "arn:aws:iam::984581749651:role/example_api_role",
                            "runtime": "go1.x",
                            "source_code_hash": "3Ud65Tt+tsfWiPZ/4G7s26XJ6Nqkyvl3Deu/WOVHp1o=",
                            "source_code_size": "3026953",
                            "tags.%": "0",
                            "timeout": "3",
                            "tracing_config.#": "1",
                            "tracing_config.0.mode": "PassThrough",
                            "version": "$LATEST",
                            "vpc_config.#": "0"
                        },
                        "meta": {},
                        "tainted": false
                    },
                    "deposed": [],
                    "provider": "provider.aws"
                }
            },
            "depends_on": []
        }
    ]
}
