{
    "version": 3,
    "terraform_version": "0.11.7",
    "serial": 9,
    "lineage": "dc81053c-65a0-4fdb-4659-67e476fb9132",
    "modules": [
        {
            "path": [
                "root"
            ],
            "outputs": {
                "dev_url": {
                    "sensitive": false,
                    "type": "string",
                    "value": "https://yz9h0wk58l.execute-api.us-east-1.amazonaws.com/production"
                }
            },
            "resources": {
                "aws_api_gateway_deployment.hello_api_deployment": {
                    "type": "aws_api_gateway_deployment",
                    "depends_on": [
                        "aws_api_gateway_rest_api.hello_api",
                        "module.hello_get",
                        "module.hello_post"
                    ],
                    "primary": {
                        "id": "ertehf",
                        "attributes": {
                            "created_date": "2018-06-08T16:08:03Z",
                            "description": "Deploy methods: GET POST",
                            "execution_arn": "arn:aws:execute-api:us-east-1:984581749651:yz9h0wk58l/production",
                            "id": "ertehf",
                            "invoke_url": "https://yz9h0wk58l.execute-api.us-east-1.amazonaws.com/production",
                            "rest_api_id": "yz9h0wk58l",
                            "stage_name": "production"
                        },
                        "meta": {},
                        "tainted": false
                    },
                    "deposed": [],
                    "provider": "provider.aws"
                },
                "aws_api_gateway_resource.hello_api_res_hello": {
                    "type": "aws_api_gateway_resource",
                    "depends_on": [
                        "aws_api_gateway_rest_api.hello_api"
                    ],
                    "primary": {
                        "id": "hdzjpi",
                        "attributes": {
                            "id": "hdzjpi",
                            "parent_id": "3f107ux714",
                            "path": "/hello",
                            "path_part": "hello",
                            "rest_api_id": "yz9h0wk58l"
                        },
                        "meta": {},
                        "tainted": false
                    },
                    "deposed": [],
                    "provider": "provider.aws"
                },
                "aws_api_gateway_rest_api.hello_api": {
                    "type": "aws_api_gateway_rest_api",
                    "depends_on": [],
                    "primary": {
                        "id": "yz9h0wk58l",
                        "attributes": {
                            "api_key_source": "HEADER",
                            "binary_media_types.#": "0",
                            "created_date": "2018-06-08T16:07:46Z",
                            "description": "",
                            "endpoint_configuration.#": "1",
                            "endpoint_configuration.0.types.#": "1",
                            "endpoint_configuration.0.types.0": "EDGE",
                            "execution_arn": "arn:aws:execute-api:us-east-1:984581749651:yz9h0wk58l",
                            "id": "yz9h0wk58l",
                            "minimum_compression_size": "-1",
                            "name": "Hello API",
                            "policy": "",
                            "root_resource_id": "3f107ux714"
                        },
                        "meta": {},
                        "tainted": false
                    },
                    "deposed": [],
                    "provider": "provider.aws"
                },
                "aws_iam_role.iam_role_for_lambda": {
                    "type": "aws_iam_role",
                    "depends_on": [],
                    "primary": {
                        "id": "iam_role_for_lambda",
                        "attributes": {
                            "arn": "arn:aws:iam::984581749651:role/iam_role_for_lambda",
                            "assume_role_policy": "{\"Version\":\"2012-10-17\",\"Statement\":[{\"Sid\":\"\",\"Effect\":\"Allow\",\"Principal\":{\"Service\":[\"apigateway.amazonaws.com\",\"lambda.amazonaws.com\"]},\"Action\":\"sts:AssumeRole\"}]}",
                            "create_date": "2018-06-08T16:07:46Z",
                            "force_detach_policies": "false",
                            "id": "iam_role_for_lambda",
                            "max_session_duration": "3600",
                            "name": "iam_role_for_lambda",
                            "path": "/",
                            "unique_id": "AROAINC4KG5O2LA6FL7WA"
                        },
                        "meta": {},
                        "tainted": false
                    },
                    "deposed": [],
                    "provider": "provider.aws"
                },
                "data.aws_caller_identity.current": {
                    "type": "aws_caller_identity",
                    "depends_on": [],
                    "primary": {
                        "id": "2018-06-08 16:10:51.46878 +0000 UTC",
                        "attributes": {
                            "account_id": "984581749651",
                            "arn": "arn:aws:iam::984581749651:user/lm-cli",
                            "id": "2018-06-08 16:10:51.46878 +0000 UTC",
                            "user_id": "AIDAIZZYI5JC2QD4FIDF4"
                        },
                        "meta": {},
                        "tainted": false
                    },
                    "deposed": [],
                    "provider": "provider.aws"
                }
            },
            "depends_on": []
        },
        {
            "path": [
                "root",
                "hello_get"
            ],
            "outputs": {
                "http_method": {
                    "sensitive": false,
                    "type": "string",
                    "value": "GET"
                }
            },
            "resources": {
                "aws_api_gateway_integration.request_method_integration": {
                    "type": "aws_api_gateway_integration",
                    "depends_on": [
                        "aws_api_gateway_method.request_method"
                    ],
                    "primary": {
                        "id": "agi-yz9h0wk58l-hdzjpi-GET",
                        "attributes": {
                            "cache_key_parameters.#": "0",
                            "cache_namespace": "hdzjpi",
                            "connection_id": "",
                            "connection_type": "INTERNET",
                            "http_method": "GET",
                            "id": "agi-yz9h0wk58l-hdzjpi-GET",
                            "integration_http_method": "POST",
                            "passthrough_behavior": "WHEN_NO_MATCH",
                            "request_parameters.%": "0",
                            "request_templates.%": "0",
                            "resource_id": "hdzjpi",
                            "rest_api_id": "yz9h0wk58l",
                            "type": "AWS",
                            "uri": "arn:aws:apigateway:us-east-1:lambda:path/2015-03-31/functions/arn:aws:lambda:us-east-1:984581749651:function:index_handler/invocations"
                        },
                        "meta": {},
                        "tainted": false
                    },
                    "deposed": [],
                    "provider": "provider.aws"
                },
                "aws_api_gateway_integration_response.response_method_integration": {
                    "type": "aws_api_gateway_integration_response",
                    "depends_on": [
                        "aws_api_gateway_method_response.response_method"
                    ],
                    "primary": {
                        "id": "agir-yz9h0wk58l-hdzjpi-GET-200",
                        "attributes": {
                            "http_method": "GET",
                            "id": "agir-yz9h0wk58l-hdzjpi-GET-200",
                            "resource_id": "hdzjpi",
                            "response_parameters.%": "0",
                            "response_templates.%": "1",
                            "response_templates.application/json": "",
                            "rest_api_id": "yz9h0wk58l",
                            "selection_pattern": "",
                            "status_code": "200"
                        },
                        "meta": {},
                        "tainted": false
                    },
                    "deposed": [],
                    "provider": "provider.aws"
                },
                "aws_api_gateway_method.request_method": {
                    "type": "aws_api_gateway_method",
                    "depends_on": [],
                    "primary": {
                        "id": "agm-yz9h0wk58l-hdzjpi-GET",
                        "attributes": {
                            "api_key_required": "false",
                            "authorization": "NONE",
                            "authorization_scopes.#": "0",
                            "authorizer_id": "",
                            "http_method": "GET",
                            "id": "agm-yz9h0wk58l-hdzjpi-GET",
                            "request_models.%": "0",
                            "request_parameters.%": "0",
                            "request_validator_id": "",
                            "resource_id": "hdzjpi",
                            "rest_api_id": "yz9h0wk58l"
                        },
                        "meta": {},
                        "tainted": false
                    },
                    "deposed": [],
                    "provider": "provider.aws"
                },
                "aws_api_gateway_method_response.response_method": {
                    "type": "aws_api_gateway_method_response",
                    "depends_on": [
                        "aws_api_gateway_integration.request_method_integration"
                    ],
                    "primary": {
                        "id": "agmr-yz9h0wk58l-hdzjpi-GET-200",
                        "attributes": {
                            "http_method": "GET",
                            "id": "agmr-yz9h0wk58l-hdzjpi-GET-200",
                            "resource_id": "hdzjpi",
                            "response_models.%": "1",
                            "response_models.application/json": "Empty",
                            "response_parameters.%": "0",
                            "rest_api_id": "yz9h0wk58l",
                            "status_code": "200"
                        },
                        "meta": {},
                        "tainted": false
                    },
                    "deposed": [],
                    "provider": "provider.aws"
                },
                "aws_lambda_permission.allow_api_gateway": {
                    "type": "aws_lambda_permission",
                    "depends_on": [],
                    "primary": {
                        "id": "AllowExecutionFromApiGateway",
                        "attributes": {
                            "action": "lambda:InvokeFunction",
                            "function_name": "index_handler",
                            "id": "AllowExecutionFromApiGateway",
                            "principal": "apigateway.amazonaws.com",
                            "qualifier": "",
                            "source_arn": "arn:aws:execute-api:us-east-1:984581749651:yz9h0wk58l/*/GET/hello",
                            "statement_id": "AllowExecutionFromApiGateway"
                        },
                        "meta": {},
                        "tainted": false
                    },
                    "deposed": [],
                    "provider": "provider.aws"
                }
            },
            "depends_on": []
        },
        {
            "path": [
                "root",
                "hello_post"
            ],
            "outputs": {
                "http_method": {
                    "sensitive": false,
                    "type": "string",
                    "value": "POST"
                }
            },
            "resources": {
                "aws_api_gateway_integration.request_method_integration": {
                    "type": "aws_api_gateway_integration",
                    "depends_on": [
                        "aws_api_gateway_method.request_method"
                    ],
                    "primary": {
                        "id": "agi-yz9h0wk58l-hdzjpi-POST",
                        "attributes": {
                            "cache_key_parameters.#": "0",
                            "cache_namespace": "hdzjpi",
                            "connection_id": "",
                            "connection_type": "INTERNET",
                            "http_method": "POST",
                            "id": "agi-yz9h0wk58l-hdzjpi-POST",
                            "integration_http_method": "POST",
                            "passthrough_behavior": "WHEN_NO_MATCH",
                            "request_parameters.%": "0",
                            "request_templates.%": "0",
                            "resource_id": "hdzjpi",
                            "rest_api_id": "yz9h0wk58l",
                            "type": "AWS",
                            "uri": "arn:aws:apigateway:us-east-1:lambda:path/2015-03-31/functions/arn:aws:lambda:us-east-1:984581749651:function:index_post_handler/invocations"
                        },
                        "meta": {},
                        "tainted": false
                    },
                    "deposed": [],
                    "provider": "provider.aws"
                },
                "aws_api_gateway_integration_response.response_method_integration": {
                    "type": "aws_api_gateway_integration_response",
                    "depends_on": [
                        "aws_api_gateway_method_response.response_method"
                    ],
                    "primary": {
                        "id": "agir-yz9h0wk58l-hdzjpi-POST-200",
                        "attributes": {
                            "http_method": "POST",
                            "id": "agir-yz9h0wk58l-hdzjpi-POST-200",
                            "resource_id": "hdzjpi",
                            "response_parameters.%": "0",
                            "response_templates.%": "1",
                            "response_templates.application/json": "",
                            "rest_api_id": "yz9h0wk58l",
                            "selection_pattern": "",
                            "status_code": "200"
                        },
                        "meta": {},
                        "tainted": false
                    },
                    "deposed": [],
                    "provider": "provider.aws"
                },
                "aws_api_gateway_method.request_method": {
                    "type": "aws_api_gateway_method",
                    "depends_on": [],
                    "primary": {
                        "id": "agm-yz9h0wk58l-hdzjpi-POST",
                        "attributes": {
                            "api_key_required": "false",
                            "authorization": "NONE",
                            "authorization_scopes.#": "0",
                            "authorizer_id": "",
                            "http_method": "POST",
                            "id": "agm-yz9h0wk58l-hdzjpi-POST",
                            "request_models.%": "0",
                            "request_parameters.%": "0",
                            "request_validator_id": "",
                            "resource_id": "hdzjpi",
                            "rest_api_id": "yz9h0wk58l"
                        },
                        "meta": {},
                        "tainted": false
                    },
                    "deposed": [],
                    "provider": "provider.aws"
                },
                "aws_api_gateway_method_response.response_method": {
                    "type": "aws_api_gateway_method_response",
                    "depends_on": [
                        "aws_api_gateway_integration.request_method_integration"
                    ],
                    "primary": {
                        "id": "agmr-yz9h0wk58l-hdzjpi-POST-200",
                        "attributes": {
                            "http_method": "POST",
                            "id": "agmr-yz9h0wk58l-hdzjpi-POST-200",
                            "resource_id": "hdzjpi",
                            "response_models.%": "1",
                            "response_models.application/json": "Empty",
                            "response_parameters.%": "0",
                            "rest_api_id": "yz9h0wk58l",
                            "status_code": "200"
                        },
                        "meta": {},
                        "tainted": false
                    },
                    "deposed": [],
                    "provider": "provider.aws"
                },
                "aws_lambda_permission.allow_api_gateway": {
                    "type": "aws_lambda_permission",
                    "depends_on": [],
                    "primary": {
                        "id": "AllowExecutionFromApiGateway",
                        "attributes": {
                            "action": "lambda:InvokeFunction",
                            "function_name": "index_post_handler",
                            "id": "AllowExecutionFromApiGateway",
                            "principal": "apigateway.amazonaws.com",
                            "qualifier": "",
                            "source_arn": "arn:aws:execute-api:us-east-1:984581749651:yz9h0wk58l/*/POST/hello",
                            "statement_id": "AllowExecutionFromApiGateway"
                        },
                        "meta": {},
                        "tainted": false
                    },
                    "deposed": [],
                    "provider": "provider.aws"
                }
            },
            "depends_on": []
        },
        {
            "path": [
                "root",
                "lambda"
            ],
            "outputs": {
                "name": {
                    "sensitive": false,
                    "type": "string",
                    "value": "index_handler"
                }
            },
            "resources": {
                "aws_lambda_function.lambda": {
                    "type": "aws_lambda_function",
                    "depends_on": [],
                    "primary": {
                        "id": "index_handler",
                        "attributes": {
                            "arn": "arn:aws:lambda:us-east-1:984581749651:function:index_handler",
                            "dead_letter_config.#": "0",
                            "description": "",
                            "environment.#": "0",
                            "filename": "index.zip",
                            "function_name": "index_handler",
                            "handler": "index.handler",
                            "id": "index_handler",
                            "invoke_arn": "arn:aws:apigateway:us-east-1:lambda:path/2015-03-31/functions/arn:aws:lambda:us-east-1:984581749651:function:index_handler/invocations",
                            "kms_key_arn": "",
                            "last_modified": "2018-06-08T16:07:59.011+0000",
                            "memory_size": "128",
                            "publish": "false",
                            "qualified_arn": "arn:aws:lambda:us-east-1:984581749651:function:index_handler:$LATEST",
                            "reserved_concurrent_executions": "0",
                            "role": "arn:aws:iam::984581749651:role/iam_role_for_lambda",
                            "runtime": "nodejs4.3",
                            "source_code_hash": "30QRDTYAGWT+1n7jgsDuZLL0GGIpkbTtKgSyIHOrL8I=",
                            "source_code_size": "338",
                            "tags.%": "0",
                            "timeout": "3",
                            "tracing_config.#": "1",
                            "tracing_config.0.mode": "PassThrough",
                            "version": "$LATEST",
                            "vpc_config.#": "0"
                        },
                        "meta": {},
                        "tainted": false
                    },
                    "deposed": [],
                    "provider": "provider.aws"
                }
            },
            "depends_on": []
        },
        {
            "path": [
                "root",
                "lambda_post"
            ],
            "outputs": {
                "name": {
                    "sensitive": false,
                    "type": "string",
                    "value": "index_post_handler"
                }
            },
            "resources": {
                "aws_lambda_function.lambda": {
                    "type": "aws_lambda_function",
                    "depends_on": [],
                    "primary": {
                        "id": "index_post_handler",
                        "attributes": {
                            "arn": "arn:aws:lambda:us-east-1:984581749651:function:index_post_handler",
                            "dead_letter_config.#": "0",
                            "description": "",
                            "environment.#": "0",
                            "filename": "index.zip",
                            "function_name": "index_post_handler",
                            "handler": "index.post_handler",
                            "id": "index_post_handler",
                            "invoke_arn": "arn:aws:apigateway:us-east-1:lambda:path/2015-03-31/functions/arn:aws:lambda:us-east-1:984581749651:function:index_post_handler/invocations",
                            "kms_key_arn": "",
                            "last_modified": "2018-06-08T16:08:00.181+0000",
                            "memory_size": "128",
                            "publish": "false",
                            "qualified_arn": "arn:aws:lambda:us-east-1:984581749651:function:index_post_handler:$LATEST",
                            "reserved_concurrent_executions": "0",
                            "role": "arn:aws:iam::984581749651:role/iam_role_for_lambda",
                            "runtime": "nodejs4.3",
                            "source_code_hash": "30QRDTYAGWT+1n7jgsDuZLL0GGIpkbTtKgSyIHOrL8I=",
                            "source_code_size": "338",
                            "tags.%": "0",
                            "timeout": "3",
                            "tracing_config.#": "1",
                            "tracing_config.0.mode": "PassThrough",
                            "version": "$LATEST",
                            "vpc_config.#": "0"
                        },
                        "meta": {},
                        "tainted": false
                    },
                    "deposed": [],
                    "provider": "provider.aws"
                }
            },
            "depends_on": []
        }
    ]
}
